
Microsoft Visual Studio Solution File, Format Version 12.00
# Visual Studio Version 17
VisualStudioVersion = 17.3.32819.101
MinimumVisualStudioVersion = 10.0.40219.1
Project("{9A19103F-16F7-4668-BE54-9A1E7A4F7556}") = "AdminPlatform", "AdminPlatform\AdminPlatform.csproj", "{70217BE8-D7AB-4A33-B845-F0AE293B0678}"
EndProject
Project("{FAE04EC0-301F-11D3-BF4B-00C04F79EFBC}") = "Entities", "Entities\Entities.csproj", "{9CEE462C-4A89-4EF5-923B-0171A7EA43D5}"
EndProject
Project("{FAE04EC0-301F-11D3-BF4B-00C04F79EFBC}") = "Data", "Data\Data.csproj", "{47A3D8A2-889A-4E28-A09A-520B584A192B}"
EndProject
Project("{FAE04EC0-301F-11D3-BF4B-00C04F79EFBC}") = "Bussiness", "Bussiness\Bussiness.csproj", "{6A25DA0F-67EA-4F05-BAB7-0C7549FAD229}"
EndProject
Global
	GlobalSection(SolutionConfigurationPlatforms) = preSolution
		Debug|Any CPU = Debug|Any CPU
		Release|Any CPU = Release|Any CPU
	EndGlobalSection
	GlobalSection(ProjectConfigurationPlatforms) = postSolution
		{70217BE8-D7AB-4A33-B845-F0AE293B0678}.Debug|Any CPU.ActiveCfg = Debug|Any CPU
		{70217BE8-D7AB-4A33-B845-F0AE293B0678}.Debug|Any CPU.Build.0 = Debug|Any CPU
		{70217BE8-D7AB-4A33-B845-F0AE293B0678}.Release|Any CPU.ActiveCfg = Release|Any CPU
		{70217BE8-D7AB-4A33-B845-F0AE293B0678}.Release|Any CPU.Build.0 = Release|Any CPU
		{9CEE462C-4A89-4EF5-923B-0171A7EA43D5}.Debug|Any CPU.ActiveCfg = Debug|Any CPU
		{9CEE462C-4A89-4EF5-923B-0171A7EA43D5}.Debug|Any CPU.Build.0 = Debug|Any CPU
		{9CEE462C-4A89-4EF5-923B-0171A7EA43D5}.Release|Any CPU.ActiveCfg = Release|Any CPU
		{9CEE462C-4A89-4EF5-923B-0171A7EA43D5}.Release|Any CPU.Build.0 = Release|Any CPU
		{47A3D8A2-889A-4E28-A09A-520B584A192B}.Debug|Any CPU.ActiveCfg = Debug|Any CPU
		{47A3D8A2-889A-4E28-A09A-520B584A192B}.Debug|Any CPU.Build.0 = Debug|Any CPU
		{47A3D8A2-889A-4E28-A09A-520B584A192B}.Release|Any CPU.ActiveCfg = Release|Any CPU
		{47A3D8A2-889A-4E28-A09A-520B584A192B}.Release|Any CPU.Build.0 = Release|Any CPU
		{6A25DA0F-67EA-4F05-BAB7-0C7549FAD229}.Debug|Any CPU.ActiveCfg = Debug|Any CPU
		{6A25DA0F-67EA-4F05-BAB7-0C7549FAD229}.Debug|Any CPU.Build.0 = Debug|Any CPU
		{6A25DA0F-67EA-4F05-BAB7-0C7549FAD229}.Release|Any CPU.ActiveCfg = Release|Any CPU
		{6A25DA0F-67EA-4F05-BAB7-0C7549FAD229}.Release|Any CPU.Build.0 = Release|Any CPU
	EndGlobalSection
	GlobalSection(SolutionProperties) = preSolution
		HideSolutionNode = FALSE
	EndGlobalSection
	GlobalSection(ExtensibilityGlobals) = postSolution
		SolutionGuid = {484BF4C8-0DA8-434E-BD66-C43CA527AE50}
	EndGlobalSection
EndGlobal
